
Microsoft Visual Studio Solution File, Format Version 12.00
# Visual Studio Version 17
VisualStudioVersion = 17.10.34928.147
MinimumVisualStudioVersion = 10.0.40219.1
Project("{FAE04EC0-301F-11D3-BF4B-00C04F79EFBC}") = "GES", "GES.csproj", "{F80839E5-1B94-4FF4-8B31-9BDC82F5233C}"
EndProject
Project("{54435603-DBB4-11D2-8724-00A0C9A8B90C}") = "GES_Installation", "GES_Installation.vdproj", "{0707DDE1-C007-42E4-A1E0-0F1A81B8EC15}"
EndProject
Global
	GlobalSection(SolutionConfigurationPlatforms) = preSolution
		Debug|Any CPU = Debug|Any CPU
		Release|Any CPU = Release|Any CPU
	EndGlobalSection
	GlobalSection(ProjectConfigurationPlatforms) = postSolution
		{F80839E5-1B94-4FF4-8B31-9BDC82F5233C}.Debug|Any CPU.ActiveCfg = Debug|Any CPU
		{F80839E5-1B94-4FF4-8B31-9BDC82F5233C}.Debug|Any CPU.Build.0 = Debug|Any CPU
		{F80839E5-1B94-4FF4-8B31-9BDC82F5233C}.Release|Any CPU.ActiveCfg = Release|Any CPU
		{F80839E5-1B94-4FF4-8B31-9BDC82F5233C}.Release|Any CPU.Build.0 = Release|Any CPU
		{0707DDE1-C007-42E4-A1E0-0F1A81B8EC15}.Debug|Any CPU.ActiveCfg = Debug
		{0707DDE1-C007-42E4-A1E0-0F1A81B8EC15}.Debug|Any CPU.Build.0 = Debug
		{0707DDE1-C007-42E4-A1E0-0F1A81B8EC15}.Release|Any CPU.ActiveCfg = Release
		{0707DDE1-C007-42E4-A1E0-0F1A81B8EC15}.Release|Any CPU.Build.0 = Release
	EndGlobalSection
	GlobalSection(SolutionProperties) = preSolution
		HideSolutionNode = FALSE
	EndGlobalSection
	GlobalSection(ExtensibilityGlobals) = postSolution
		SolutionGuid = {0F60BBCC-542E-4646-A1F1-38D949020E76}
	EndGlobalSection
EndGlobal
